// !$*UTF8*$!
{
	archiveVersion = 1;
	classes = {
	};
	objectVersion = 56;
	objects = {

/* Begin PBXBuildFile section */
		80B77F7F29865E5700766F74 /* AppDelegate.swift in Sources */ = {isa = PBXBuildFile; fileRef = 80B77F7E29865E5700766F74 /* AppDelegate.swift */; };
		80B77F8129865E5700766F74 /* SceneDelegate.swift in Sources */ = {isa = PBXBuildFile; fileRef = 80B77F8029865E5700766F74 /* SceneDelegate.swift */; };
		80B77F8329865E5700766F74 /* ViewController.swift in Sources */ = {isa = PBXBuildFile; fileRef = 80B77F8229865E5700766F74 /* ViewController.swift */; };
		80B77F8629865E5700766F74 /* Main.storyboard in Resources */ = {isa = PBXBuildFile; fileRef = 80B77F8429865E5700766F74 /* Main.storyboard */; };
		80B77F8829865E5800766F74 /* Assets.xcassets in Resources */ = {isa = PBXBuildFile; fileRef = 80B77F8729865E5800766F74 /* Assets.xcassets */; };
		80B77F8B29865E5800766F74 /* LaunchScreen.storyboard in Resources */ = {isa = PBXBuildFile; fileRef = 80B77F8929865E5800766F74 /* LaunchScreen.storyboard */; };
		80B77F9629865E5800766F74 /* BlindCinemaTests.swift in Sources */ = {isa = PBXBuildFile; fileRef = 80B77F9529865E5800766F74 /* BlindCinemaTests.swift */; };
		80B77FA029865E5800766F74 /* BlindCinemaUITests.swift in Sources */ = {isa = PBXBuildFile; fileRef = 80B77F9F29865E5800766F74 /* BlindCinemaUITests.swift */; };
		80B77FA229865E5800766F74 /* BlindCinemaUITestsLaunchTests.swift in Sources */ = {isa = PBXBuildFile; fileRef = 80B77FA129865E5800766F74 /* BlindCinemaUITestsLaunchTests.swift */; };
/* End PBXBuildFile section */

/* Begin PBXContainerItemProxy section */
		80B77F9229865E5800766F74 /* PBXContainerItemProxy */ = {
			isa = PBXContainerItemProxy;
			containerPortal = 80B77F7329865E5700766F74 /* Project object */;
			proxyType = 1;
			remoteGlobalIDString = 80B77F7A29865E5700766F74;
			remoteInfo = BlindCinema;
		};
		80B77F9C29865E5800766F74 /* PBXContainerItemProxy */ = {
			isa = PBXContainerItemProxy;
			containerPortal = 80B77F7329865E5700766F74 /* Project object */;
			proxyType = 1;
			remoteGlobalIDString = 80B77F7A29865E5700766F74;
			remoteInfo = BlindCinema;
		};
/* End PBXContainerItemProxy section */

/* Begin PBXFileReference section */
		80B77F7B29865E5700766F74 /* BlindCinema.app */ = {isa = PBXFileReference; explicitFileType = wrapper.application; includeInIndex = 0; path = BlindCinema.app; sourceTree = BUILT_PRODUCTS_DIR; };
		80B77F7E29865E5700766F74 /* AppDelegate.swift */ = {isa = PBXFileReference; lastKnownFileType = sourcecode.swift; path = AppDelegate.swift; sourceTree = "<group>"; };
		80B77F8029865E5700766F74 /* SceneDelegate.swift */ = {isa = PBXFileReference; lastKnownFileType = sourcecode.swift; path = SceneDelegate.swift; sourceTree = "<group>"; };
		80B77F8229865E5700766F74 /* ViewController.swift */ = {isa = PBXFileReference; lastKnownFileType = sourcecode.swift; path = ViewController.swift; sourceTree = "<group>"; };
		80B77F8529865E5700766F74 /* Base */ = {isa = PBXFileReference; lastKnownFileType = file.storyboard; name = Base; path = Base.lproj/Main.storyboard; sourceTree = "<group>"; };
		80B77F8729865E5800766F74 /* Assets.xcassets */ = {isa = PBXFileReference; lastKnownFileType = folder.assetcatalog; path = Assets.xcassets; sourceTree = "<group>"; };
		80B77F8A29865E5800766F74 /* Base */ = {isa = PBXFileReference; lastKnownFileType = file.storyboard; name = Base; path = Base.lproj/LaunchScreen.storyboard; sourceTree = "<group>"; };
		80B77F8C29865E5800766F74 /* Info.plist */ = {isa = PBXFileReference; lastKnownFileType = text.plist.xml; path = Info.plist; sourceTree = "<group>"; };
		80B77F9129865E5800766F74 /* BlindCinemaTests.xctest */ = {isa = PBXFileReference; explicitFileType = wrapper.cfbundle; includeInIndex = 0; path = BlindCinemaTests.xctest; sourceTree = BUILT_PRODUCTS_DIR; };
		80B77F9529865E5800766F74 /* BlindCinemaTests.swift */ = {isa = PBXFileReference; lastKnownFileType = sourcecode.swift; path = BlindCinemaTests.swift; sourceTree = "<group>"; };
		80B77F9B29865E5800766F74 /* BlindCinemaUITests.xctest */ = {isa = PBXFileReference; explicitFileType = wrapper.cfbundle; includeInIndex = 0; path = BlindCinemaUITests.xctest; sourceTree = BUILT_PRODUCTS_DIR; };
		80B77F9F29865E5800766F74 /* BlindCinemaUITests.swift */ = {isa = PBXFileReference; lastKnownFileType = sourcecode.swift; path = BlindCinemaUITests.swift; sourceTree = "<group>"; };
		80B77FA129865E5800766F74 /* BlindCinemaUITestsLaunchTests.swift */ = {isa = PBXFileReference; lastKnownFileType = sourcecode.swift; path = BlindCinemaUITestsLaunchTests.swift; sourceTree = "<group>"; };
/* End PBXFileReference section */

/* Begin PBXFrameworksBuildPhase section */
		80B77F7829865E5700766F74 /* Frameworks */ = {
			isa = PBXFrameworksBuildPhase;
			buildActionMask = 2147483647;
			files = (
			);
			runOnlyForDeploymentPostprocessing = 0;
		};
		80B77F8E29865E5800766F74 /* Frameworks */ = {
			isa = PBXFrameworksBuildPhase;
			buildActionMask = 2147483647;
			files = (
			);
			runOnlyForDeploymentPostprocessing = 0;
		};
		80B77F9829865E5800766F74 /* Frameworks */ = {
			isa = PBXFrameworksBuildPhase;
			buildActionMask = 2147483647;
			files = (
			);
			runOnlyForDeploymentPostprocessing = 0;
		};
/* End PBXFrameworksBuildPhase section */

/* Begin PBXGroup section */
		80B77F7229865E5700766F74 = {
			isa = PBXGroup;
			children = (
				80B77F7D29865E5700766F74 /* BlindCinema */,
				80B77F9429865E5800766F74 /* BlindCinemaTests */,
				80B77F9E29865E5800766F74 /* BlindCinemaUITests */,
				80B77F7C29865E5700766F74 /* Products */,
			);
			sourceTree = "<group>";
		};
		80B77F7C29865E5700766F74 /* Products */ = {
			isa = PBXGroup;
			children = (
				80B77F7B29865E5700766F74 /* BlindCinema.app */,
				80B77F9129865E5800766F74 /* BlindCinemaTests.xctest */,
				80B77F9B29865E5800766F74 /* BlindCinemaUITests.xctest */,
			);
			name = Products;
			sourceTree = "<group>";
		};
		80B77F7D29865E5700766F74 /* BlindCinema */ = {
			isa = PBXGroup;
			children = (
				80B77F7E29865E5700766F74 /* AppDelegate.swift */,
				80B77F8029865E5700766F74 /* SceneDelegate.swift */,
				80B77F8229865E5700766F74 /* ViewController.swift */,
				80B77F8429865E5700766F74 /* Main.storyboard */,
				80B77F8729865E5800766F74 /* Assets.xcassets */,
				80B77F8929865E5800766F74 /* LaunchScreen.storyboard */,
				80B77F8C29865E5800766F74 /* Info.plist */,
			);
			path = BlindCinema;
			sourceTree = "<group>";
		};
		80B77F9429865E5800766F74 /* BlindCinemaTests */ = {
			isa = PBXGroup;
			children = (
				80B77F9529865E5800766F74 /* BlindCinemaTests.swift */,
			);
			path = BlindCinemaTests;
			sourceTree = "<group>";
		};
		80B77F9E29865E5800766F74 /* BlindCinemaUITests */ = {
			isa = PBXGroup;
			children = (
				80B77F9F29865E5800766F74 /* BlindCinemaUITests.swift */,
				80B77FA129865E5800766F74 /* BlindCinemaUITestsLaunchTests.swift */,
			);
			path = BlindCinemaUITests;
			sourceTree = "<group>";
		};
/* End PBXGroup section */

/* Begin PBXNativeTarget section */
		80B77F7A29865E5700766F74 /* BlindCinema */ = {
			isa = PBXNativeTarget;
			buildConfigurationList = 80B77FA529865E5800766F74 /* Build configuration list for PBXNativeTarget "BlindCinema" */;
			buildPhases = (
				80B77F7729865E5700766F74 /* Sources */,
				80B77F7829865E5700766F74 /* Frameworks */,
				80B77F7929865E5700766F74 /* Resources */,
			);
			buildRules = (
			);
			dependencies = (
			);
			name = BlindCinema;
			productName = BlindCinema;
			productReference = 80B77F7B29865E5700766F74 /* BlindCinema.app */;
			productType = "com.apple.product-type.application";
		};
		80B77F9029865E5800766F74 /* BlindCinemaTests */ = {
			isa = PBXNativeTarget;
			buildConfigurationList = 80B77FA829865E5800766F74 /* Build configuration list for PBXNativeTarget "BlindCinemaTests" */;
			buildPhases = (
				80B77F8D29865E5800766F74 /* Sources */,
				80B77F8E29865E5800766F74 /* Frameworks */,
				80B77F8F29865E5800766F74 /* Resources */,
			);
			buildRules = (
			);
			dependencies = (
				80B77F9329865E5800766F74 /* PBXTargetDependency */,
			);
			name = BlindCinemaTests;
			productName = BlindCinemaTests;
			productReference = 80B77F9129865E5800766F74 /* BlindCinemaTests.xctest */;
			productType = "com.apple.product-type.bundle.unit-test";
		};
		80B77F9A29865E5800766F74 /* BlindCinemaUITests */ = {
			isa = PBXNativeTarget;
			buildConfigurationList = 80B77FAB29865E5800766F74 /* Build configuration list for PBXNativeTarget "BlindCinemaUITests" */;
			buildPhases = (
				80B77F9729865E5800766F74 /* Sources */,
				80B77F9829865E5800766F74 /* Frameworks */,
				80B77F9929865E5800766F74 /* Resources */,
			);
			buildRules = (
			);
			dependencies = (
				80B77F9D29865E5800766F74 /* PBXTargetDependency */,
			);
			name = BlindCinemaUITests;
			productName = BlindCinemaUITests;
			productReference = 80B77F9B29865E5800766F74 /* BlindCinemaUITests.xctest */;
			productType = "com.apple.product-type.bundle.ui-testing";
		};
/* End PBXNativeTarget section */

/* Begin PBXProject section */
		80B77F7329865E5700766F74 /* Project object */ = {
			isa = PBXProject;
			attributes = {
				BuildIndependentTargetsInParallel = 1;
				LastSwiftUpdateCheck = 1400;
				LastUpgradeCheck = 1400;
				TargetAttributes = {
					80B77F7A29865E5700766F74 = {
						CreatedOnToolsVersion = 14.0.1;
					};
					80B77F9029865E5800766F74 = {
						CreatedOnToolsVersion = 14.0.1;
						TestTargetID = 80B77F7A29865E5700766F74;
					};
					80B77F9A29865E5800766F74 = {
						CreatedOnToolsVersion = 14.0.1;
						TestTargetID = 80B77F7A29865E5700766F74;
					};
				};
			};
			buildConfigurationList = 80B77F7629865E5700766F74 /* Build configuration list for PBXProject "BlindCinema" */;
			compatibilityVersion = "Xcode 14.0";
			developmentRegion = en;
			hasScannedForEncodings = 0;
			knownRegions = (
				en,
				Base,
			);
			mainGroup = 80B77F7229865E5700766F74;
			productRefGroup = 80B77F7C29865E5700766F74 /* Products */;
			projectDirPath = "";
			projectRoot = "";
			targets = (
				80B77F7A29865E5700766F74 /* BlindCinema */,
				80B77F9029865E5800766F74 /* BlindCinemaTests */,
				80B77F9A29865E5800766F74 /* BlindCinemaUITests */,
			);
		};
/* End PBXProject section */

/* Begin PBXResourcesBuildPhase section */
		80B77F7929865E5700766F74 /* Resources */ = {
			isa = PBXResourcesBuildPhase;
			buildActionMask = 2147483647;
			files = (
				80B77F8B29865E5800766F74 /* LaunchScreen.storyboard in Resources */,
				80B77F8829865E5800766F74 /* Assets.xcassets in Resources */,
				80B77F8629865E5700766F74 /* Main.storyboard in Resources */,
			);
			runOnlyForDeploymentPostprocessing = 0;
		};
		80B77F8F29865E5800766F74 /* Resources */ = {
			isa = PBXResourcesBuildPhase;
			buildActionMask = 2147483647;
			files = (
			);
			runOnlyForDeploymentPostprocessing = 0;
		};
		80B77F9929865E5800766F74 /* Resources */ = {
			isa = PBXResourcesBuildPhase;
			buildActionMask = 2147483647;
			files = (
			);
			runOnlyForDeploymentPostprocessing = 0;
		};
/* End PBXResourcesBuildPhase section */

/* Begin PBXSourcesBuildPhase section */
		80B77F7729865E5700766F74 /* Sources */ = {
			isa = PBXSourcesBuildPhase;
			buildActionMask = 2147483647;
			files = (
				80B77F8329865E5700766F74 /* ViewController.swift in Sources */,
				80B77F7F29865E5700766F74 /* AppDelegate.swift in Sources */,
				80B77F8129865E5700766F74 /* SceneDelegate.swift in Sources */,
			);
			runOnlyForDeploymentPostprocessing = 0;
		};
		80B77F8D29865E5800766F74 /* Sources */ = {
			isa = PBXSourcesBuildPhase;
			buildActionMask = 2147483647;
			files = (
				80B77F9629865E5800766F74 /* BlindCinemaTests.swift in Sources */,
			);
			runOnlyForDeploymentPostprocessing = 0;
		};
		80B77F9729865E5800766F74 /* Sources */ = {
			isa = PBXSourcesBuildPhase;
			buildActionMask = 2147483647;
			files = (
				80B77FA029865E5800766F74 /* BlindCinemaUITests.swift in Sources */,
				80B77FA229865E5800766F74 /* BlindCinemaUITestsLaunchTests.swift in Sources */,
			);
			runOnlyForDeploymentPostprocessing = 0;
		};
/* End PBXSourcesBuildPhase section */

/* Begin PBXTargetDependency section */
		80B77F9329865E5800766F74 /* PBXTargetDependency */ = {
			isa = PBXTargetDependency;
			target = 80B77F7A29865E5700766F74 /* BlindCinema */;
			targetProxy = 80B77F9229865E5800766F74 /* PBXContainerItemProxy */;
		};
		80B77F9D29865E5800766F74 /* PBXTargetDependency */ = {
			isa = PBXTargetDependency;
			target = 80B77F7A29865E5700766F74 /* BlindCinema */;
			targetProxy = 80B77F9C29865E5800766F74 /* PBXContainerItemProxy */;
		};
/* End PBXTargetDependency section */

/* Begin PBXVariantGroup section */
		80B77F8429865E5700766F74 /* Main.storyboard */ = {
			isa = PBXVariantGroup;
			children = (
				80B77F8529865E5700766F74 /* Base */,
			);
			name = Main.storyboard;
			sourceTree = "<group>";
		};
		80B77F8929865E5800766F74 /* LaunchScreen.storyboard */ = {
			isa = PBXVariantGroup;
			children = (
				80B77F8A29865E5800766F74 /* Base */,
			);
			name = LaunchScreen.storyboard;
			sourceTree = "<group>";
		};
/* End PBXVariantGroup section */

/* Begin XCBuildConfiguration section */
		80B77FA329865E5800766F74 /* Debug */ = {
			isa = XCBuildConfiguration;
			buildSettings = {
				ALWAYS_SEARCH_USER_PATHS = NO;
				CLANG_ANALYZER_NONNULL = YES;
				CLANG_ANALYZER_NUMBER_OBJECT_CONVERSION = YES_AGGRESSIVE;
				CLANG_CXX_LANGUAGE_STANDARD = "gnu++20";
				CLANG_ENABLE_MODULES = YES;
				CLANG_ENABLE_OBJC_ARC = YES;
				CLANG_ENABLE_OBJC_WEAK = YES;
				CLANG_WARN_BLOCK_CAPTURE_AUTORELEASING = YES;
				CLANG_WARN_BOOL_CONVERSION = YES;
				CLANG_WARN_COMMA = YES;
				CLANG_WARN_CONSTANT_CONVERSION = YES;
				CLANG_WARN_DEPRECATED_OBJC_IMPLEMENTATIONS = YES;
				CLANG_WARN_DIRECT_OBJC_ISA_USAGE = YES_ERROR;
				CLANG_WARN_DOCUMENTATION_COMMENTS = YES;
				CLANG_WARN_EMPTY_BODY = YES;
				CLANG_WARN_ENUM_CONVERSION = YES;
				CLANG_WARN_INFINITE_RECURSION = YES;
				CLANG_WARN_INT_CONVERSION = YES;
				CLANG_WARN_NON_LITERAL_NULL_CONVERSION = YES;
				CLANG_WARN_OBJC_IMPLICIT_RETAIN_SELF = YES;
				CLANG_WARN_OBJC_LITERAL_CONVERSION = YES;
				CLANG_WARN_OBJC_ROOT_CLASS = YES_ERROR;
				CLANG_WARN_QUOTED_INCLUDE_IN_FRAMEWORK_HEADER = YES;
				CLANG_WARN_RANGE_LOOP_ANALYSIS = YES;
				CLANG_WARN_STRICT_PROTOTYPES = YES;
				CLANG_WARN_SUSPICIOUS_MOVE = YES;
				CLANG_WARN_UNGUARDED_AVAILABILITY = YES_AGGRESSIVE;
				CLANG_WARN_UNREACHABLE_CODE = YES;
				CLANG_WARN__DUPLICATE_METHOD_MATCH = YES;
				COPY_PHASE_STRIP = NO;
				DEBUG_INFORMATION_FORMAT = dwarf;
				ENABLE_STRICT_OBJC_MSGSEND = YES;
				ENABLE_TESTABILITY = YES;
				GCC_C_LANGUAGE_STANDARD = gnu11;
				GCC_DYNAMIC_NO_PIC = NO;
				GCC_NO_COMMON_BLOCKS = YES;
				GCC_OPTIMIZATION_LEVEL = 0;
				GCC_PREPROCESSOR_DEFINITIONS = (
					"DEBUG=1",
					"$(inherited)",
				);
				GCC_WARN_64_TO_32_BIT_CONVERSION = YES;
				GCC_WARN_ABOUT_RETURN_TYPE = YES_ERROR;
				GCC_WARN_UNDECLARED_SELECTOR = YES;
				GCC_WARN_UNINITIALIZED_AUTOS = YES_AGGRESSIVE;
				GCC_WARN_UNUSED_FUNCTION = YES;
				GCC_WARN_UNUSED_VARIABLE = YES;
				IPHONEOS_DEPLOYMENT_TARGET = 16.0;
				MTL_ENABLE_DEBUG_INFO = INCLUDE_SOURCE;
				MTL_FAST_MATH = YES;
				ONLY_ACTIVE_ARCH = YES;
				SDKROOT = iphoneos;
				SWIFT_ACTIVE_COMPILATION_CONDITIONS = DEBUG;
				SWIFT_OPTIMIZATION_LEVEL = "-Onone";
			};
			name = Debug;
		};
		80B77FA429865E5800766F74 /* Release */ = {
			isa = XCBuildConfiguration;
			buildSettings = {
				ALWAYS_SEARCH_USER_PATHS = NO;
				CLANG_ANALYZER_NONNULL = YES;
				CLANG_ANALYZER_NUMBER_OBJECT_CONVERSION = YES_AGGRESSIVE;
				CLANG_CXX_LANGUAGE_STANDARD = "gnu++20";
				CLANG_ENABLE_MODULES = YES;
				CLANG_ENABLE_OBJC_ARC = YES;
				CLANG_ENABLE_OBJC_WEAK = YES;
				CLANG_WARN_BLOCK_CAPTURE_AUTORELEASING = YES;
				CLANG_WARN_BOOL_CONVERSION = YES;
				CLANG_WARN_COMMA = YES;
				CLANG_WARN_CONSTANT_CONVERSION = YES;
				CLANG_WARN_DEPRECATED_OBJC_IMPLEMENTATIONS = YES;
				CLANG_WARN_DIRECT_OBJC_ISA_USAGE = YES_ERROR;
				CLANG_WARN_DOCUMENTATION_COMMENTS = YES;
				CLANG_WARN_EMPTY_BODY = YES;
				CLANG_WARN_ENUM_CONVERSION = YES;
				CLANG_WARN_INFINITE_RECURSION = YES;
				CLANG_WARN_INT_CONVERSION = YES;
				CLANG_WARN_NON_LITERAL_NULL_CONVERSION = YES;
				CLANG_WARN_OBJC_IMPLICIT_RETAIN_SELF = YES;
				CLANG_WARN_OBJC_LITERAL_CONVERSION = YES;
				CLANG_WARN_OBJC_ROOT_CLASS = YES_ERROR;
				CLANG_WARN_QUOTED_INCLUDE_IN_FRAMEWORK_HEADER = YES;
				CLANG_WARN_RANGE_LOOP_ANALYSIS = YES;
				CLANG_WARN_STRICT_PROTOTYPES = YES;
				CLANG_WARN_SUSPICIOUS_MOVE = YES;
				CLANG_WARN_UNGUARDED_AVAILABILITY = YES_AGGRESSIVE;
				CLANG_WARN_UNREACHABLE_CODE = YES;
				CLANG_WARN__DUPLICATE_METHOD_MATCH = YES;
				COPY_PHASE_STRIP = NO;
				DEBUG_INFORMATION_FORMAT = "dwarf-with-dsym";
				ENABLE_NS_ASSERTIONS = NO;
				ENABLE_STRICT_OBJC_MSGSEND = YES;
				GCC_C_LANGUAGE_STANDARD = gnu11;
				GCC_NO_COMMON_BLOCKS = YES;
				GCC_WARN_64_TO_32_BIT_CONVERSION = YES;
				GCC_WARN_ABOUT_RETURN_TYPE = YES_ERROR;
				GCC_WARN_UNDECLARED_SELECTOR = YES;
				GCC_WARN_UNINITIALIZED_AUTOS = YES_AGGRESSIVE;
				GCC_WARN_UNUSED_FUNCTION = YES;
				GCC_WARN_UNUSED_VARIABLE = YES;
				IPHONEOS_DEPLOYMENT_TARGET = 16.0;
				MTL_ENABLE_DEBUG_INFO = NO;
				MTL_FAST_MATH = YES;
				SDKROOT = iphoneos;
				SWIFT_COMPILATION_MODE = wholemodule;
				SWIFT_OPTIMIZATION_LEVEL = "-O";
				VALIDATE_PRODUCT = YES;
			};
			name = Release;
		};
		80B77FA629865E5800766F74 /* Debug */ = {
			isa = XCBuildConfiguration;
			buildSettings = {
				ASSETCATALOG_COMPILER_APPICON_NAME = AppIcon;
				ASSETCATALOG_COMPILER_GLOBAL_ACCENT_COLOR_NAME = AccentColor;
				CODE_SIGN_STYLE = Automatic;
				CURRENT_PROJECT_VERSION = 1;
				GENERATE_INFOPLIST_FILE = YES;
				INFOPLIST_FILE = BlindCinema/Info.plist;
				INFOPLIST_KEY_UIApplicationSupportsIndirectInputEvents = YES;
				INFOPLIST_KEY_UILaunchStoryboardName = LaunchScreen;
				INFOPLIST_KEY_UIMainStoryboardFile = Main;
				INFOPLIST_KEY_UISupportedInterfaceOrientations_iPad = "UIInterfaceOrientationPortrait UIInterfaceOrientationPortraitUpsideDown UIInterfaceOrientationLandscapeLeft UIInterfaceOrientationLandscapeRight";
				INFOPLIST_KEY_UISupportedInterfaceOrientations_iPhone = "UIInterfaceOrientationPortrait UIInterfaceOrientationLandscapeLeft UIInterfaceOrientationLandscapeRight";
				LD_RUNPATH_SEARCH_PATHS = (
					"$(inherited)",
					"@executable_path/Frameworks",
				);
				MARKETING_VERSION = 1.0;
				PRODUCT_BUNDLE_IDENTIFIER = home.BlindCinema;
				PRODUCT_NAME = "$(TARGET_NAME)";
				SWIFT_EMIT_LOC_STRINGS = YES;
				SWIFT_VERSION = 5.0;
				TARGETED_DEVICE_FAMILY = "1,2";
			};
			name = Debug;
		};
		80B77FA729865E5800766F74 /* Release */ = {
			isa = XCBuildConfiguration;
			buildSettings = {
				ASSETCATALOG_COMPILER_APPICON_NAME = AppIcon;
				ASSETCATALOG_COMPILER_GLOBAL_ACCENT_COLOR_NAME = AccentColor;
				CODE_SIGN_STYLE = Automatic;
				CURRENT_PROJECT_VERSION = 1;
				GENERATE_INFOPLIST_FILE = YES;
				INFOPLIST_FILE = BlindCinema/Info.plist;
				INFOPLIST_KEY_UIApplicationSupportsIndirectInputEvents = YES;
				INFOPLIST_KEY_UILaunchStoryboardName = LaunchScreen;
				INFOPLIST_KEY_UIMainStoryboardFile = Main;
				INFOPLIST_KEY_UISupportedInterfaceOrientations_iPad = "UIInterfaceOrientationPortrait UIInterfaceOrientationPortraitUpsideDown UIInterfaceOrientationLandscapeLeft UIInterfaceOrientationLandscapeRight";
				INFOPLIST_KEY_UISupportedInterfaceOrientations_iPhone = "UIInterfaceOrientationPortrait UIInterfaceOrientationLandscapeLeft UIInterfaceOrientationLandscapeRight";
				LD_RUNPATH_SEARCH_PATHS = (
					"$(inherited)",
					"@executable_path/Frameworks",
				);
				MARKETING_VERSION = 1.0;
				PRODUCT_BUNDLE_IDENTIFIER = home.BlindCinema;
				PRODUCT_NAME = "$(TARGET_NAME)";
				SWIFT_EMIT_LOC_STRINGS = YES;
				SWIFT_VERSION = 5.0;
				TARGETED_DEVICE_FAMILY = "1,2";
			};
			name = Release;
		};
		80B77FA929865E5800766F74 /* Debug */ = {
			isa = XCBuildConfiguration;
			buildSettings = {
				ALWAYS_EMBED_SWIFT_STANDARD_LIBRARIES = YES;
				BUNDLE_LOADER = "$(TEST_HOST)";
				CODE_SIGN_STYLE = Automatic;
				CURRENT_PROJECT_VERSION = 1;
				GENERATE_INFOPLIST_FILE = YES;
				IPHONEOS_DEPLOYMENT_TARGET = 16.0;
				MARKETING_VERSION = 1.0;
				PRODUCT_BUNDLE_IDENTIFIER = home.BlindCinemaTests;
				PRODUCT_NAME = "$(TARGET_NAME)";
				SWIFT_EMIT_LOC_STRINGS = NO;
				SWIFT_VERSION = 5.0;
				TARGETED_DEVICE_FAMILY = "1,2";
				TEST_HOST = "$(BUILT_PRODUCTS_DIR)/BlindCinema.app/$(BUNDLE_EXECUTABLE_FOLDER_PATH)/BlindCinema";
			};
			name = Debug;
		};
		80B77FAA29865E5800766F74 /* Release */ = {
			isa = XCBuildConfiguration;
			buildSettings = {
				ALWAYS_EMBED_SWIFT_STANDARD_LIBRARIES = YES;
				BUNDLE_LOADER = "$(TEST_HOST)";
				CODE_SIGN_STYLE = Automatic;
				CURRENT_PROJECT_VERSION = 1;
				GENERATE_INFOPLIST_FILE = YES;
				IPHONEOS_DEPLOYMENT_TARGET = 16.0;
				MARKETING_VERSION = 1.0;
				PRODUCT_BUNDLE_IDENTIFIER = home.BlindCinemaTests;
				PRODUCT_NAME = "$(TARGET_NAME)";
				SWIFT_EMIT_LOC_STRINGS = NO;
				SWIFT_VERSION = 5.0;
				TARGETED_DEVICE_FAMILY = "1,2";
				TEST_HOST = "$(BUILT_PRODUCTS_DIR)/BlindCinema.app/$(BUNDLE_EXECUTABLE_FOLDER_PATH)/BlindCinema";
			};
			name = Release;
		};
		80B77FAC29865E5800766F74 /* Debug */ = {
			isa = XCBuildConfiguration;
			buildSettings = {
				ALWAYS_EMBED_SWIFT_STANDARD_LIBRARIES = YES;
				CODE_SIGN_STYLE = Automatic;
				CURRENT_PROJECT_VERSION = 1;
				GENERATE_INFOPLIST_FILE = YES;
				MARKETING_VERSION = 1.0;
				PRODUCT_BUNDLE_IDENTIFIER = home.BlindCinemaUITests;
				PRODUCT_NAME = "$(TARGET_NAME)";
				SWIFT_EMIT_LOC_STRINGS = NO;
				SWIFT_VERSION = 5.0;
				TARGETED_DEVICE_FAMILY = "1,2";
				TEST_TARGET_NAME = BlindCinema;
			};
			name = Debug;
		};
		80B77FAD29865E5800766F74 /* Release */ = {
			isa = XCBuildConfiguration;
			buildSettings = {
				ALWAYS_EMBED_SWIFT_STANDARD_LIBRARIES = YES;
				CODE_SIGN_STYLE = Automatic;
				CURRENT_PROJECT_VERSION = 1;
				GENERATE_INFOPLIST_FILE = YES;
				MARKETING_VERSION = 1.0;
				PRODUCT_BUNDLE_IDENTIFIER = home.BlindCinemaUITests;
				PRODUCT_NAME = "$(TARGET_NAME)";
				SWIFT_EMIT_LOC_STRINGS = NO;
				SWIFT_VERSION = 5.0;
				TARGETED_DEVICE_FAMILY = "1,2";
				TEST_TARGET_NAME = BlindCinema;
			};
			name = Release;
		};
/* End XCBuildConfiguration section */

/* Begin XCConfigurationList section */
		80B77F7629865E5700766F74 /* Build configuration list for PBXProject "BlindCinema" */ = {
			isa = XCConfigurationList;
			buildConfigurations = (
				80B77FA329865E5800766F74 /* Debug */,
				80B77FA429865E5800766F74 /* Release */,
			);
			defaultConfigurationIsVisible = 0;
			defaultConfigurationName = Release;
		};
		80B77FA529865E5800766F74 /* Build configuration list for PBXNativeTarget "BlindCinema" */ = {
			isa = XCConfigurationList;
			buildConfigurations = (
				80B77FA629865E5800766F74 /* Debug */,
				80B77FA729865E5800766F74 /* Release */,
			);
			defaultConfigurationIsVisible = 0;
			defaultConfigurationName = Release;
		};
		80B77FA829865E5800766F74 /* Build configuration list for PBXNativeTarget "BlindCinemaTests" */ = {
			isa = XCConfigurationList;
			buildConfigurations = (
				80B77FA929865E5800766F74 /* Debug */,
				80B77FAA29865E5800766F74 /* Release */,
			);
			defaultConfigurationIsVisible = 0;
			defaultConfigurationName = Release;
		};
		80B77FAB29865E5800766F74 /* Build configuration list for PBXNativeTarget "BlindCinemaUITests" */ = {
			isa = XCConfigurationList;
			buildConfigurations = (
				80B77FAC29865E5800766F74 /* Debug */,
				80B77FAD29865E5800766F74 /* Release */,
			);
			defaultConfigurationIsVisible = 0;
			defaultConfigurationName = Release;
		};
/* End XCConfigurationList section */
	};
	rootObject = 80B77F7329865E5700766F74 /* Project object */;
}
